
Microsoft Visual Studio Solution File, Format Version 12.00
# Visual Studio Version 16
VisualStudioVersion = 16.0.30320.27
MinimumVisualStudioVersion = 10.0.40219.1
Project("{2150E333-8FDC-42A3-9474-1A3956D46DE8}") = "1_Generic_Attribute_Reflection", "1_Generic_Attribute_Reflection", "{49FA830F-F2AF-4BE2-AF03-3DC4D7DBBA5F}"
EndProject
Project("{9A19103F-16F7-4668-BE54-9A1E7A4F7556}") = "Homework_1", "Homework_1\Homework_1.csproj", "{19F0BF3D-59BF-4B25-A85C-3EDB2921BA0F}"
EndProject
Project("{9A19103F-16F7-4668-BE54-9A1E7A4F7556}") = "Homework_1DAL", "Homework_1DAL\Homework_1DAL.csproj", "{B6A6B985-609D-4037-9C66-BAC5E7BAAAF3}"
EndProject
Project("{9A19103F-16F7-4668-BE54-9A1E7A4F7556}") = "Homework_1BLL", "Homework_1BLL\Homework_1BLL.csproj", "{7C4AD084-841B-4415-A9C8-4C7E192ED0CB}"
EndProject
Project("{9A19103F-16F7-4668-BE54-9A1E7A4F7556}") = "Homework_1Model", "Homework_1Model\Homework_1Model.csproj", "{7F32E060-15C4-4D0E-ADCC-6A9DEBD994F2}"
EndProject
Project("{FAE04EC0-301F-11D3-BF4B-00C04F79EFBC}") = "Homework_1Cache", "Homework_1Cache\Homework_1Cache.csproj", "{B4E7BA49-F6A7-4FD0-AE80-8C380FE05249}"
EndProject
Global
	GlobalSection(SolutionConfigurationPlatforms) = preSolution
		Debug|Any CPU = Debug|Any CPU
		Release|Any CPU = Release|Any CPU
	EndGlobalSection
	GlobalSection(ProjectConfigurationPlatforms) = postSolution
		{19F0BF3D-59BF-4B25-A85C-3EDB2921BA0F}.Debug|Any CPU.ActiveCfg = Debug|Any CPU
		{19F0BF3D-59BF-4B25-A85C-3EDB2921BA0F}.Debug|Any CPU.Build.0 = Debug|Any CPU
		{19F0BF3D-59BF-4B25-A85C-3EDB2921BA0F}.Release|Any CPU.ActiveCfg = Release|Any CPU
		{19F0BF3D-59BF-4B25-A85C-3EDB2921BA0F}.Release|Any CPU.Build.0 = Release|Any CPU
		{B6A6B985-609D-4037-9C66-BAC5E7BAAAF3}.Debug|Any CPU.ActiveCfg = Debug|Any CPU
		{B6A6B985-609D-4037-9C66-BAC5E7BAAAF3}.Debug|Any CPU.Build.0 = Debug|Any CPU
		{B6A6B985-609D-4037-9C66-BAC5E7BAAAF3}.Release|Any CPU.ActiveCfg = Release|Any CPU
		{B6A6B985-609D-4037-9C66-BAC5E7BAAAF3}.Release|Any CPU.Build.0 = Release|Any CPU
		{7C4AD084-841B-4415-A9C8-4C7E192ED0CB}.Debug|Any CPU.ActiveCfg = Debug|Any CPU
		{7C4AD084-841B-4415-A9C8-4C7E192ED0CB}.Debug|Any CPU.Build.0 = Debug|Any CPU
		{7C4AD084-841B-4415-A9C8-4C7E192ED0CB}.Release|Any CPU.ActiveCfg = Release|Any CPU
		{7C4AD084-841B-4415-A9C8-4C7E192ED0CB}.Release|Any CPU.Build.0 = Release|Any CPU
		{7F32E060-15C4-4D0E-ADCC-6A9DEBD994F2}.Debug|Any CPU.ActiveCfg = Debug|Any CPU
		{7F32E060-15C4-4D0E-ADCC-6A9DEBD994F2}.Debug|Any CPU.Build.0 = Debug|Any CPU
		{7F32E060-15C4-4D0E-ADCC-6A9DEBD994F2}.Release|Any CPU.ActiveCfg = Release|Any CPU
		{7F32E060-15C4-4D0E-ADCC-6A9DEBD994F2}.Release|Any CPU.Build.0 = Release|Any CPU
		{B4E7BA49-F6A7-4FD0-AE80-8C380FE05249}.Debug|Any CPU.ActiveCfg = Debug|Any CPU
		{B4E7BA49-F6A7-4FD0-AE80-8C380FE05249}.Debug|Any CPU.Build.0 = Debug|Any CPU
		{B4E7BA49-F6A7-4FD0-AE80-8C380FE05249}.Release|Any CPU.ActiveCfg = Release|Any CPU
		{B4E7BA49-F6A7-4FD0-AE80-8C380FE05249}.Release|Any CPU.Build.0 = Release|Any CPU
	EndGlobalSection
	GlobalSection(SolutionProperties) = preSolution
		HideSolutionNode = FALSE
	EndGlobalSection
	GlobalSection(NestedProjects) = preSolution
		{19F0BF3D-59BF-4B25-A85C-3EDB2921BA0F} = {49FA830F-F2AF-4BE2-AF03-3DC4D7DBBA5F}
		{B6A6B985-609D-4037-9C66-BAC5E7BAAAF3} = {49FA830F-F2AF-4BE2-AF03-3DC4D7DBBA5F}
		{7C4AD084-841B-4415-A9C8-4C7E192ED0CB} = {49FA830F-F2AF-4BE2-AF03-3DC4D7DBBA5F}
		{7F32E060-15C4-4D0E-ADCC-6A9DEBD994F2} = {49FA830F-F2AF-4BE2-AF03-3DC4D7DBBA5F}
		{B4E7BA49-F6A7-4FD0-AE80-8C380FE05249} = {49FA830F-F2AF-4BE2-AF03-3DC4D7DBBA5F}
	EndGlobalSection
	GlobalSection(ExtensibilityGlobals) = postSolution
		SolutionGuid = {461A0F6F-804C-498E-9630-B516F53C35D5}
	EndGlobalSection
EndGlobal
